
Microsoft Visual Studio Solution File, Format Version 12.00
# Visual Studio 15
Project("{FAE04EC0-301F-11D3-BF4B-00C04F79EFBC}") = "UnityEngine.UI", "UnityEngine.UI.csproj", "{1DAB207A-027C-65AF-BE49-880E2E724AD0}"
EndProject
Project("{FAE04EC0-301F-11D3-BF4B-00C04F79EFBC}") = "Assembly-CSharp", "Assembly-CSharp.csproj", "{4812663F-2CD3-6018-6130-220034D12E9B}"
EndProject
Project("{FAE04EC0-301F-11D3-BF4B-00C04F79EFBC}") = "UnityEditor.UI", "UnityEditor.UI.csproj", "{162DDFCF-6DB0-6648-9619-E6580BAECE22}"
EndProject
Project("{FAE04EC0-301F-11D3-BF4B-00C04F79EFBC}") = "UnityEngine.UI", "UnityEngine.UI.Player.csproj", "{73C0A17A-84E0-B598-4355-28D148AC6AD4}"
EndProject
Project("{FAE04EC0-301F-11D3-BF4B-00C04F79EFBC}") = "Assembly-CSharp", "Assembly-CSharp.Player.csproj", "{2E612CA1-34CC-60D7-9E7A-7DEEAE9295E3}"
EndProject
Global
	GlobalSection(SolutionConfigurationPlatforms) = preSolution
		Debug|Any CPU = Debug|Any CPU
		Release|Any CPU = Release|Any CPU
	EndGlobalSection
	GlobalSection(ProjectConfigurationPlatforms) = postSolution
		{1DAB207A-027C-65AF-BE49-880E2E724AD0}.Debug|Any CPU.ActiveCfg = Debug|Any CPU
		{1DAB207A-027C-65AF-BE49-880E2E724AD0}.Debug|Any CPU.Build.0 = Debug|Any CPU
		{1DAB207A-027C-65AF-BE49-880E2E724AD0}.Release|Any CPU.ActiveCfg = Release|Any CPU
		{1DAB207A-027C-65AF-BE49-880E2E724AD0}.Release|Any CPU.Build.0 = Release|Any CPU
		{4812663F-2CD3-6018-6130-220034D12E9B}.Debug|Any CPU.ActiveCfg = Debug|Any CPU
		{4812663F-2CD3-6018-6130-220034D12E9B}.Debug|Any CPU.Build.0 = Debug|Any CPU
		{4812663F-2CD3-6018-6130-220034D12E9B}.Release|Any CPU.ActiveCfg = Release|Any CPU
		{4812663F-2CD3-6018-6130-220034D12E9B}.Release|Any CPU.Build.0 = Release|Any CPU
		{162DDFCF-6DB0-6648-9619-E6580BAECE22}.Debug|Any CPU.ActiveCfg = Debug|Any CPU
		{162DDFCF-6DB0-6648-9619-E6580BAECE22}.Debug|Any CPU.Build.0 = Debug|Any CPU
		{162DDFCF-6DB0-6648-9619-E6580BAECE22}.Release|Any CPU.ActiveCfg = Release|Any CPU
		{162DDFCF-6DB0-6648-9619-E6580BAECE22}.Release|Any CPU.Build.0 = Release|Any CPU
		{73C0A17A-84E0-B598-4355-28D148AC6AD4}.Debug|Any CPU.ActiveCfg = Debug|Any CPU
		{73C0A17A-84E0-B598-4355-28D148AC6AD4}.Debug|Any CPU.Build.0 = Debug|Any CPU
		{73C0A17A-84E0-B598-4355-28D148AC6AD4}.Release|Any CPU.ActiveCfg = Release|Any CPU
		{73C0A17A-84E0-B598-4355-28D148AC6AD4}.Release|Any CPU.Build.0 = Release|Any CPU
		{2E612CA1-34CC-60D7-9E7A-7DEEAE9295E3}.Debug|Any CPU.ActiveCfg = Debug|Any CPU
		{2E612CA1-34CC-60D7-9E7A-7DEEAE9295E3}.Debug|Any CPU.Build.0 = Debug|Any CPU
		{2E612CA1-34CC-60D7-9E7A-7DEEAE9295E3}.Release|Any CPU.ActiveCfg = Release|Any CPU
		{2E612CA1-34CC-60D7-9E7A-7DEEAE9295E3}.Release|Any CPU.Build.0 = Release|Any CPU
	EndGlobalSection
	GlobalSection(SolutionProperties) = preSolution
		HideSolutionNode = FALSE
	EndGlobalSection
EndGlobal
